// !$*UTF8*$!
{
	archiveVersion = 1;
	classes = {
	};
	objectVersion = 50;
	objects = {

/* Begin PBXBuildFile section */
		BE2B76BA24ABAFDA00F6BB6A /* NEnvironmentObject.swift in Sources */ = {isa = PBXBuildFile; fileRef = BE2B76B924ABAFDA00F6BB6A /* NEnvironmentObject.swift */; };
		BE2B76BC24ABB01000F6BB6A /* NEnvironmentObserver.swift in Sources */ = {isa = PBXBuildFile; fileRef = BE2B76BB24ABB01000F6BB6A /* NEnvironmentObserver.swift */; };
		BE2B76BF24ABB03D00F6BB6A /* NEnvironmentKeyAndValue.swift in Sources */ = {isa = PBXBuildFile; fileRef = BE2B76BE24ABB03D00F6BB6A /* NEnvironmentKeyAndValue.swift */; };
		BE3C4E9424AA8CC800AFFC75 /* AppDelegate.swift in Sources */ = {isa = PBXBuildFile; fileRef = BE3C4E9324AA8CC800AFFC75 /* AppDelegate.swift */; };
		BE3C4E9624AA8CC800AFFC75 /* SceneDelegate.swift in Sources */ = {isa = PBXBuildFile; fileRef = BE3C4E9524AA8CC800AFFC75 /* SceneDelegate.swift */; };
		BE3C4E9824AA8CC800AFFC75 /* ViewController.swift in Sources */ = {isa = PBXBuildFile; fileRef = BE3C4E9724AA8CC800AFFC75 /* ViewController.swift */; };
		BE3C4E9B24AA8CC800AFFC75 /* Main.storyboard in Resources */ = {isa = PBXBuildFile; fileRef = BE3C4E9924AA8CC800AFFC75 /* Main.storyboard */; };
		BE3C4E9D24AA8CCF00AFFC75 /* Assets.xcassets in Resources */ = {isa = PBXBuildFile; fileRef = BE3C4E9C24AA8CCF00AFFC75 /* Assets.xcassets */; };
		BE3C4EA024AA8CCF00AFFC75 /* LaunchScreen.storyboard in Resources */ = {isa = PBXBuildFile; fileRef = BE3C4E9E24AA8CCF00AFFC75 /* LaunchScreen.storyboard */; };
		BE3C4EA924AA8CDF00AFFC75 /* NEnvironment.swift in Sources */ = {isa = PBXBuildFile; fileRef = BE3C4EA824AA8CDF00AFFC75 /* NEnvironment.swift */; };
		BE3C4EAB24AA904900AFFC75 /* InnerViewController.swift in Sources */ = {isa = PBXBuildFile; fileRef = BE3C4EAA24AA904900AFFC75 /* InnerViewController.swift */; };
/* End PBXBuildFile section */

/* Begin PBXFileReference section */
		BE2B76B924ABAFDA00F6BB6A /* NEnvironmentObject.swift */ = {isa = PBXFileReference; lastKnownFileType = sourcecode.swift; path = NEnvironmentObject.swift; sourceTree = "<group>"; };
		BE2B76BB24ABB01000F6BB6A /* NEnvironmentObserver.swift */ = {isa = PBXFileReference; lastKnownFileType = sourcecode.swift; path = NEnvironmentObserver.swift; sourceTree = "<group>"; };
		BE2B76BE24ABB03D00F6BB6A /* NEnvironmentKeyAndValue.swift */ = {isa = PBXFileReference; lastKnownFileType = sourcecode.swift; path = NEnvironmentKeyAndValue.swift; sourceTree = "<group>"; };
		BE3C4E9024AA8CC800AFFC75 /* NEnvironment.app */ = {isa = PBXFileReference; explicitFileType = wrapper.application; includeInIndex = 0; path = NEnvironment.app; sourceTree = BUILT_PRODUCTS_DIR; };
		BE3C4E9324AA8CC800AFFC75 /* AppDelegate.swift */ = {isa = PBXFileReference; lastKnownFileType = sourcecode.swift; path = AppDelegate.swift; sourceTree = "<group>"; };
		BE3C4E9524AA8CC800AFFC75 /* SceneDelegate.swift */ = {isa = PBXFileReference; lastKnownFileType = sourcecode.swift; path = SceneDelegate.swift; sourceTree = "<group>"; };
		BE3C4E9724AA8CC800AFFC75 /* ViewController.swift */ = {isa = PBXFileReference; lastKnownFileType = sourcecode.swift; path = ViewController.swift; sourceTree = "<group>"; };
		BE3C4E9A24AA8CC800AFFC75 /* Base */ = {isa = PBXFileReference; lastKnownFileType = file.storyboard; name = Base; path = Base.lproj/Main.storyboard; sourceTree = "<group>"; };
		BE3C4E9C24AA8CCF00AFFC75 /* Assets.xcassets */ = {isa = PBXFileReference; lastKnownFileType = folder.assetcatalog; path = Assets.xcassets; sourceTree = "<group>"; };
		BE3C4E9F24AA8CCF00AFFC75 /* Base */ = {isa = PBXFileReference; lastKnownFileType = file.storyboard; name = Base; path = Base.lproj/LaunchScreen.storyboard; sourceTree = "<group>"; };
		BE3C4EA124AA8CCF00AFFC75 /* Info.plist */ = {isa = PBXFileReference; lastKnownFileType = text.plist.xml; path = Info.plist; sourceTree = "<group>"; };
		BE3C4EA824AA8CDF00AFFC75 /* NEnvironment.swift */ = {isa = PBXFileReference; lastKnownFileType = sourcecode.swift; path = NEnvironment.swift; sourceTree = "<group>"; };
		BE3C4EAA24AA904900AFFC75 /* InnerViewController.swift */ = {isa = PBXFileReference; lastKnownFileType = sourcecode.swift; path = InnerViewController.swift; sourceTree = "<group>"; };
/* End PBXFileReference section */

/* Begin PBXFrameworksBuildPhase section */
		BE3C4E8D24AA8CC800AFFC75 /* Frameworks */ = {
			isa = PBXFrameworksBuildPhase;
			buildActionMask = 2147483647;
			files = (
			);
			runOnlyForDeploymentPostprocessing = 0;
		};
/* End PBXFrameworksBuildPhase section */

/* Begin PBXGroup section */
		BE3C4E8724AA8CC800AFFC75 = {
			isa = PBXGroup;
			children = (
				BE3C4E9224AA8CC800AFFC75 /* NEnvironment */,
				BE3C4E9124AA8CC800AFFC75 /* Products */,
			);
			sourceTree = "<group>";
		};
		BE3C4E9124AA8CC800AFFC75 /* Products */ = {
			isa = PBXGroup;
			children = (
				BE3C4E9024AA8CC800AFFC75 /* NEnvironment.app */,
			);
			name = Products;
			sourceTree = "<group>";
		};
		BE3C4E9224AA8CC800AFFC75 /* NEnvironment */ = {
			isa = PBXGroup;
			children = (
				BE3C4EA724AA8CD500AFFC75 /* NEnvironment API */,
				BE3C4E9324AA8CC800AFFC75 /* AppDelegate.swift */,
				BE3C4E9524AA8CC800AFFC75 /* SceneDelegate.swift */,
				BE3C4E9724AA8CC800AFFC75 /* ViewController.swift */,
				BE3C4EAA24AA904900AFFC75 /* InnerViewController.swift */,
				BE3C4E9924AA8CC800AFFC75 /* Main.storyboard */,
				BE3C4E9C24AA8CCF00AFFC75 /* Assets.xcassets */,
				BE3C4E9E24AA8CCF00AFFC75 /* LaunchScreen.storyboard */,
				BE3C4EA124AA8CCF00AFFC75 /* Info.plist */,
			);
			path = NEnvironment;
			sourceTree = "<group>";
		};
		BE3C4EA724AA8CD500AFFC75 /* NEnvironment API */ = {
			isa = PBXGroup;
			children = (
				BE3C4EA824AA8CDF00AFFC75 /* NEnvironment.swift */,
				BE2B76B924ABAFDA00F6BB6A /* NEnvironmentObject.swift */,
				BE2B76BB24ABB01000F6BB6A /* NEnvironmentObserver.swift */,
				BE2B76BE24ABB03D00F6BB6A /* NEnvironmentKeyAndValue.swift */,
			);
			path = "NEnvironment API";
			sourceTree = "<group>";
		};
/* End PBXGroup section */

/* Begin PBXNativeTarget section */
		BE3C4E8F24AA8CC800AFFC75 /* NEnvironment */ = {
			isa = PBXNativeTarget;
			buildConfigurationList = BE3C4EA424AA8CCF00AFFC75 /* Build configuration list for PBXNativeTarget "NEnvironment" */;
			buildPhases = (
				BE3C4E8C24AA8CC800AFFC75 /* Sources */,
				BE3C4E8D24AA8CC800AFFC75 /* Frameworks */,
				BE3C4E8E24AA8CC800AFFC75 /* Resources */,
			);
			buildRules = (
			);
			dependencies = (
			);
			name = NEnvironment;
			productName = NEnvironment;
			productReference = BE3C4E9024AA8CC800AFFC75 /* NEnvironment.app */;
			productType = "com.apple.product-type.application";
		};
/* End PBXNativeTarget section */

/* Begin PBXProject section */
		BE3C4E8824AA8CC800AFFC75 /* Project object */ = {
			isa = PBXProject;
			attributes = {
				LastSwiftUpdateCheck = 1150;
				LastUpgradeCheck = 1150;
				ORGANIZATIONNAME = "Victor Melo";
				TargetAttributes = {
					BE3C4E8F24AA8CC800AFFC75 = {
						CreatedOnToolsVersion = 11.5;
					};
				};
			};
			buildConfigurationList = BE3C4E8B24AA8CC800AFFC75 /* Build configuration list for PBXProject "NEnvironment" */;
			compatibilityVersion = "Xcode 9.3";
			developmentRegion = en;
			hasScannedForEncodings = 0;
			knownRegions = (
				en,
				Base,
			);
			mainGroup = BE3C4E8724AA8CC800AFFC75;
			productRefGroup = BE3C4E9124AA8CC800AFFC75 /* Products */;
			projectDirPath = "";
			projectRoot = "";
			targets = (
				BE3C4E8F24AA8CC800AFFC75 /* NEnvironment */,
			);
		};
/* End PBXProject section */

/* Begin PBXResourcesBuildPhase section */
		BE3C4E8E24AA8CC800AFFC75 /* Resources */ = {
			isa = PBXResourcesBuildPhase;
			buildActionMask = 2147483647;
			files = (
				BE3C4EA024AA8CCF00AFFC75 /* LaunchScreen.storyboard in Resources */,
				BE3C4E9D24AA8CCF00AFFC75 /* Assets.xcassets in Resources */,
				BE3C4E9B24AA8CC800AFFC75 /* Main.storyboard in Resources */,
			);
			runOnlyForDeploymentPostprocessing = 0;
		};
/* End PBXResourcesBuildPhase section */

/* Begin PBXSourcesBuildPhase section */
		BE3C4E8C24AA8CC800AFFC75 /* Sources */ = {
			isa = PBXSourcesBuildPhase;
			buildActionMask = 2147483647;
			files = (
				BE3C4EA924AA8CDF00AFFC75 /* NEnvironment.swift in Sources */,
				BE2B76BA24ABAFDA00F6BB6A /* NEnvironmentObject.swift in Sources */,
				BE3C4E9824AA8CC800AFFC75 /* ViewController.swift in Sources */,
				BE3C4E9424AA8CC800AFFC75 /* AppDelegate.swift in Sources */,
				BE2B76BF24ABB03D00F6BB6A /* NEnvironmentKeyAndValue.swift in Sources */,
				BE3C4EAB24AA904900AFFC75 /* InnerViewController.swift in Sources */,
				BE2B76BC24ABB01000F6BB6A /* NEnvironmentObserver.swift in Sources */,
				BE3C4E9624AA8CC800AFFC75 /* SceneDelegate.swift in Sources */,
			);
			runOnlyForDeploymentPostprocessing = 0;
		};
/* End PBXSourcesBuildPhase section */

/* Begin PBXVariantGroup section */
		BE3C4E9924AA8CC800AFFC75 /* Main.storyboard */ = {
			isa = PBXVariantGroup;
			children = (
				BE3C4E9A24AA8CC800AFFC75 /* Base */,
			);
			name = Main.storyboard;
			sourceTree = "<group>";
		};
		BE3C4E9E24AA8CCF00AFFC75 /* LaunchScreen.storyboard */ = {
			isa = PBXVariantGroup;
			children = (
				BE3C4E9F24AA8CCF00AFFC75 /* Base */,
			);
			name = LaunchScreen.storyboard;
			sourceTree = "<group>";
		};
/* End PBXVariantGroup section */

/* Begin XCBuildConfiguration section */
		BE3C4EA224AA8CCF00AFFC75 /* Debug */ = {
			isa = XCBuildConfiguration;
			buildSettings = {
				ALWAYS_SEARCH_USER_PATHS = NO;
				CLANG_ANALYZER_NONNULL = YES;
				CLANG_ANALYZER_NUMBER_OBJECT_CONVERSION = YES_AGGRESSIVE;
				CLANG_CXX_LANGUAGE_STANDARD = "gnu++14";
				CLANG_CXX_LIBRARY = "libc++";
				CLANG_ENABLE_MODULES = YES;
				CLANG_ENABLE_OBJC_ARC = YES;
				CLANG_ENABLE_OBJC_WEAK = YES;
				CLANG_WARN_BLOCK_CAPTURE_AUTORELEASING = YES;
				CLANG_WARN_BOOL_CONVERSION = YES;
				CLANG_WARN_COMMA = YES;
				CLANG_WARN_CONSTANT_CONVERSION = YES;
				CLANG_WARN_DEPRECATED_OBJC_IMPLEMENTATIONS = YES;
				CLANG_WARN_DIRECT_OBJC_ISA_USAGE = YES_ERROR;
				CLANG_WARN_DOCUMENTATION_COMMENTS = YES;
				CLANG_WARN_EMPTY_BODY = YES;
				CLANG_WARN_ENUM_CONVERSION = YES;
				CLANG_WARN_INFINITE_RECURSION = YES;
				CLANG_WARN_INT_CONVERSION = YES;
				CLANG_WARN_NON_LITERAL_NULL_CONVERSION = YES;
				CLANG_WARN_OBJC_IMPLICIT_RETAIN_SELF = YES;
				CLANG_WARN_OBJC_LITERAL_CONVERSION = YES;
				CLANG_WARN_OBJC_ROOT_CLASS = YES_ERROR;
				CLANG_WARN_RANGE_LOOP_ANALYSIS = YES;
				CLANG_WARN_STRICT_PROTOTYPES = YES;
				CLANG_WARN_SUSPICIOUS_MOVE = YES;
				CLANG_WARN_UNGUARDED_AVAILABILITY = YES_AGGRESSIVE;
				CLANG_WARN_UNREACHABLE_CODE = YES;
				CLANG_WARN__DUPLICATE_METHOD_MATCH = YES;
				COPY_PHASE_STRIP = NO;
				DEBUG_INFORMATION_FORMAT = dwarf;
				ENABLE_STRICT_OBJC_MSGSEND = YES;
				ENABLE_TESTABILITY = YES;
				GCC_C_LANGUAGE_STANDARD = gnu11;
				GCC_DYNAMIC_NO_PIC = NO;
				GCC_NO_COMMON_BLOCKS = YES;
				GCC_OPTIMIZATION_LEVEL = 0;
				GCC_PREPROCESSOR_DEFINITIONS = (
					"DEBUG=1",
					"$(inherited)",
				);
				GCC_WARN_64_TO_32_BIT_CONVERSION = YES;
				GCC_WARN_ABOUT_RETURN_TYPE = YES_ERROR;
				GCC_WARN_UNDECLARED_SELECTOR = YES;
				GCC_WARN_UNINITIALIZED_AUTOS = YES_AGGRESSIVE;
				GCC_WARN_UNUSED_FUNCTION = YES;
				GCC_WARN_UNUSED_VARIABLE = YES;
				IPHONEOS_DEPLOYMENT_TARGET = 13.5;
				MTL_ENABLE_DEBUG_INFO = INCLUDE_SOURCE;
				MTL_FAST_MATH = YES;
				ONLY_ACTIVE_ARCH = YES;
				SDKROOT = iphoneos;
				SWIFT_ACTIVE_COMPILATION_CONDITIONS = DEBUG;
				SWIFT_OPTIMIZATION_LEVEL = "-Onone";
			};
			name = Debug;
		};
		BE3C4EA324AA8CCF00AFFC75 /* Release */ = {
			isa = XCBuildConfiguration;
			buildSettings = {
				ALWAYS_SEARCH_USER_PATHS = NO;
				CLANG_ANALYZER_NONNULL = YES;
				CLANG_ANALYZER_NUMBER_OBJECT_CONVERSION = YES_AGGRESSIVE;
				CLANG_CXX_LANGUAGE_STANDARD = "gnu++14";
				CLANG_CXX_LIBRARY = "libc++";
				CLANG_ENABLE_MODULES = YES;
				CLANG_ENABLE_OBJC_ARC = YES;
				CLANG_ENABLE_OBJC_WEAK = YES;
				CLANG_WARN_BLOCK_CAPTURE_AUTORELEASING = YES;
				CLANG_WARN_BOOL_CONVERSION = YES;
				CLANG_WARN_COMMA = YES;
				CLANG_WARN_CONSTANT_CONVERSION = YES;
				CLANG_WARN_DEPRECATED_OBJC_IMPLEMENTATIONS = YES;
				CLANG_WARN_DIRECT_OBJC_ISA_USAGE = YES_ERROR;
				CLANG_WARN_DOCUMENTATION_COMMENTS = YES;
				CLANG_WARN_EMPTY_BODY = YES;
				CLANG_WARN_ENUM_CONVERSION = YES;
				CLANG_WARN_INFINITE_RECURSION = YES;
				CLANG_WARN_INT_CONVERSION = YES;
				CLANG_WARN_NON_LITERAL_NULL_CONVERSION = YES;
				CLANG_WARN_OBJC_IMPLICIT_RETAIN_SELF = YES;
				CLANG_WARN_OBJC_LITERAL_CONVERSION = YES;
				CLANG_WARN_OBJC_ROOT_CLASS = YES_ERROR;
				CLANG_WARN_RANGE_LOOP_ANALYSIS = YES;
				CLANG_WARN_STRICT_PROTOTYPES = YES;
				CLANG_WARN_SUSPICIOUS_MOVE = YES;
				CLANG_WARN_UNGUARDED_AVAILABILITY = YES_AGGRESSIVE;
				CLANG_WARN_UNREACHABLE_CODE = YES;
				CLANG_WARN__DUPLICATE_METHOD_MATCH = YES;
				COPY_PHASE_STRIP = NO;
				DEBUG_INFORMATION_FORMAT = "dwarf-with-dsym";
				ENABLE_NS_ASSERTIONS = NO;
				ENABLE_STRICT_OBJC_MSGSEND = YES;
				GCC_C_LANGUAGE_STANDARD = gnu11;
				GCC_NO_COMMON_BLOCKS = YES;
				GCC_WARN_64_TO_32_BIT_CONVERSION = YES;
				GCC_WARN_ABOUT_RETURN_TYPE = YES_ERROR;
				GCC_WARN_UNDECLARED_SELECTOR = YES;
				GCC_WARN_UNINITIALIZED_AUTOS = YES_AGGRESSIVE;
				GCC_WARN_UNUSED_FUNCTION = YES;
				GCC_WARN_UNUSED_VARIABLE = YES;
				IPHONEOS_DEPLOYMENT_TARGET = 13.5;
				MTL_ENABLE_DEBUG_INFO = NO;
				MTL_FAST_MATH = YES;
				SDKROOT = iphoneos;
				SWIFT_COMPILATION_MODE = wholemodule;
				SWIFT_OPTIMIZATION_LEVEL = "-O";
				VALIDATE_PRODUCT = YES;
			};
			name = Release;
		};
		BE3C4EA524AA8CCF00AFFC75 /* Debug */ = {
			isa = XCBuildConfiguration;
			buildSettings = {
				ASSETCATALOG_COMPILER_APPICON_NAME = AppIcon;
				CODE_SIGN_STYLE = Automatic;
				DEVELOPMENT_TEAM = Y93HUJS49V;
				INFOPLIST_FILE = NEnvironment/Info.plist;
				LD_RUNPATH_SEARCH_PATHS = (
					"$(inherited)",
					"@executable_path/Frameworks",
				);
				PRODUCT_BUNDLE_IDENTIFIER = br.com.victormelo.NEnvironment;
				PRODUCT_NAME = "$(TARGET_NAME)";
				SWIFT_VERSION = 5.0;
				TARGETED_DEVICE_FAMILY = "1,2";
			};
			name = Debug;
		};
		BE3C4EA624AA8CCF00AFFC75 /* Release */ = {
			isa = XCBuildConfiguration;
			buildSettings = {
				ASSETCATALOG_COMPILER_APPICON_NAME = AppIcon;
				CODE_SIGN_STYLE = Automatic;
				DEVELOPMENT_TEAM = Y93HUJS49V;
				INFOPLIST_FILE = NEnvironment/Info.plist;
				LD_RUNPATH_SEARCH_PATHS = (
					"$(inherited)",
					"@executable_path/Frameworks",
				);
				PRODUCT_BUNDLE_IDENTIFIER = br.com.victormelo.NEnvironment;
				PRODUCT_NAME = "$(TARGET_NAME)";
				SWIFT_VERSION = 5.0;
				TARGETED_DEVICE_FAMILY = "1,2";
			};
			name = Release;
		};
/* End XCBuildConfiguration section */

/* Begin XCConfigurationList section */
		BE3C4E8B24AA8CC800AFFC75 /* Build configuration list for PBXProject "NEnvironment" */ = {
			isa = XCConfigurationList;
			buildConfigurations = (
				BE3C4EA224AA8CCF00AFFC75 /* Debug */,
				BE3C4EA324AA8CCF00AFFC75 /* Release */,
			);
			defaultConfigurationIsVisible = 0;
			defaultConfigurationName = Release;
		};
		BE3C4EA424AA8CCF00AFFC75 /* Build configuration list for PBXNativeTarget "NEnvironment" */ = {
			isa = XCConfigurationList;
			buildConfigurations = (
				BE3C4EA524AA8CCF00AFFC75 /* Debug */,
				BE3C4EA624AA8CCF00AFFC75 /* Release */,
			);
			defaultConfigurationIsVisible = 0;
			defaultConfigurationName = Release;
		};
/* End XCConfigurationList section */
	};
	rootObject = BE3C4E8824AA8CC800AFFC75 /* Project object */;
}
