{
  "object": {
    "pins": [
      {
        "package": "NEnvironment",
        "repositoryURL": "https://github.com/vctrsmelo/NEnvironment",
        "state": {
          "branch": "master",
          "revision": "a0043db76fe5c3364e2108cf45b98249b88e007c",
          "version": null
        }
      }
    ]
  },
  "version": 1
}
