{
  "object": {
    "pins": [
      {
        "package": "NEnvironment",
        "repositoryURL": "https://github.com/vctrsmelo/NEnvironment",
        "state": {
          "branch": "master",
          "revision": "547bed48abc104de2d9bbc73a0d78965500a9d03",
          "version": null
        }
      }
    ]
  },
  "version": 1
}
