{
  "object": {
    "pins": [
      {
        "package": "NEnvironment",
        "repositoryURL": "https://github.com/vctrsmelo/NEnvironment",
        "state": {
          "branch": "master",
          "revision": "0c541aa5588c0dae0ecdea1bcc98be987f9abe19",
          "version": null
        }
      }
    ]
  },
  "version": 1
}
