// !$*UTF8*$!
{
	archiveVersion = 1;
	classes = {
	};
	objectVersion = 52;
	objects = {

/* Begin PBXBuildFile section */
		BE32625824ACF68B00394310 /* AppDelegate.swift in Sources */ = {isa = PBXBuildFile; fileRef = BE32625724ACF68B00394310 /* AppDelegate.swift */; };
		BE32625A24ACF68B00394310 /* SceneDelegate.swift in Sources */ = {isa = PBXBuildFile; fileRef = BE32625924ACF68B00394310 /* SceneDelegate.swift */; };
		BE32625C24ACF68B00394310 /* ViewController.swift in Sources */ = {isa = PBXBuildFile; fileRef = BE32625B24ACF68B00394310 /* ViewController.swift */; };
		BE32625F24ACF68B00394310 /* Main.storyboard in Resources */ = {isa = PBXBuildFile; fileRef = BE32625D24ACF68B00394310 /* Main.storyboard */; };
		BE32626124ACF68D00394310 /* Assets.xcassets in Resources */ = {isa = PBXBuildFile; fileRef = BE32626024ACF68D00394310 /* Assets.xcassets */; };
		BE32626424ACF68D00394310 /* LaunchScreen.storyboard in Resources */ = {isa = PBXBuildFile; fileRef = BE32626224ACF68D00394310 /* LaunchScreen.storyboard */; };
		BE32626D24ACF7D400394310 /* NEnvironment in Frameworks */ = {isa = PBXBuildFile; productRef = BE32626C24ACF7D400394310 /* NEnvironment */; };
		BE32629824AD03B000394310 /* EditViewController.swift in Sources */ = {isa = PBXBuildFile; fileRef = BE32629724AD03B000394310 /* EditViewController.swift */; };
		BE32629B24AD03D500394310 /* Person.swift in Sources */ = {isa = PBXBuildFile; fileRef = BE32629A24AD03D500394310 /* Person.swift */; };
/* End PBXBuildFile section */

/* Begin PBXFileReference section */
		BE32625424ACF68B00394310 /* Sample Project.app */ = {isa = PBXFileReference; explicitFileType = wrapper.application; includeInIndex = 0; path = "Sample Project.app"; sourceTree = BUILT_PRODUCTS_DIR; };
		BE32625724ACF68B00394310 /* AppDelegate.swift */ = {isa = PBXFileReference; lastKnownFileType = sourcecode.swift; path = AppDelegate.swift; sourceTree = "<group>"; };
		BE32625924ACF68B00394310 /* SceneDelegate.swift */ = {isa = PBXFileReference; lastKnownFileType = sourcecode.swift; path = SceneDelegate.swift; sourceTree = "<group>"; };
		BE32625B24ACF68B00394310 /* ViewController.swift */ = {isa = PBXFileReference; lastKnownFileType = sourcecode.swift; path = ViewController.swift; sourceTree = "<group>"; };
		BE32625E24ACF68B00394310 /* Base */ = {isa = PBXFileReference; lastKnownFileType = file.storyboard; name = Base; path = Base.lproj/Main.storyboard; sourceTree = "<group>"; };
		BE32626024ACF68D00394310 /* Assets.xcassets */ = {isa = PBXFileReference; lastKnownFileType = folder.assetcatalog; path = Assets.xcassets; sourceTree = "<group>"; };
		BE32626324ACF68D00394310 /* Base */ = {isa = PBXFileReference; lastKnownFileType = file.storyboard; name = Base; path = Base.lproj/LaunchScreen.storyboard; sourceTree = "<group>"; };
		BE32626524ACF68D00394310 /* Info.plist */ = {isa = PBXFileReference; lastKnownFileType = text.plist.xml; path = Info.plist; sourceTree = "<group>"; };
		BE32629724AD03B000394310 /* EditViewController.swift */ = {isa = PBXFileReference; lastKnownFileType = sourcecode.swift; path = EditViewController.swift; sourceTree = "<group>"; };
		BE32629A24AD03D500394310 /* Person.swift */ = {isa = PBXFileReference; lastKnownFileType = sourcecode.swift; path = Person.swift; sourceTree = "<group>"; };
/* End PBXFileReference section */

/* Begin PBXFrameworksBuildPhase section */
		BE32625124ACF68B00394310 /* Frameworks */ = {
			isa = PBXFrameworksBuildPhase;
			buildActionMask = 2147483647;
			files = (
				BE32626D24ACF7D400394310 /* NEnvironment in Frameworks */,
			);
			runOnlyForDeploymentPostprocessing = 0;
		};
/* End PBXFrameworksBuildPhase section */

/* Begin PBXGroup section */
		BE32624B24ACF68B00394310 = {
			isa = PBXGroup;
			children = (
				BE32625624ACF68B00394310 /* Sample Project */,
				BE32625524ACF68B00394310 /* Products */,
			);
			sourceTree = "<group>";
		};
		BE32625524ACF68B00394310 /* Products */ = {
			isa = PBXGroup;
			children = (
				BE32625424ACF68B00394310 /* Sample Project.app */,
			);
			name = Products;
			sourceTree = "<group>";
		};
		BE32625624ACF68B00394310 /* Sample Project */ = {
			isa = PBXGroup;
			children = (
				BE32629924AD03CE00394310 /* Model */,
				BE32625724ACF68B00394310 /* AppDelegate.swift */,
				BE32625924ACF68B00394310 /* SceneDelegate.swift */,
				BE32625B24ACF68B00394310 /* ViewController.swift */,
				BE32629724AD03B000394310 /* EditViewController.swift */,
				BE32625D24ACF68B00394310 /* Main.storyboard */,
				BE32626024ACF68D00394310 /* Assets.xcassets */,
				BE32626224ACF68D00394310 /* LaunchScreen.storyboard */,
				BE32626524ACF68D00394310 /* Info.plist */,
			);
			path = "Sample Project";
			sourceTree = "<group>";
		};
		BE32629924AD03CE00394310 /* Model */ = {
			isa = PBXGroup;
			children = (
				BE32629A24AD03D500394310 /* Person.swift */,
			);
			path = Model;
			sourceTree = "<group>";
		};
/* End PBXGroup section */

/* Begin PBXNativeTarget section */
		BE32625324ACF68B00394310 /* Sample Project */ = {
			isa = PBXNativeTarget;
			buildConfigurationList = BE32626824ACF68D00394310 /* Build configuration list for PBXNativeTarget "Sample Project" */;
			buildPhases = (
				BE32625024ACF68B00394310 /* Sources */,
				BE32625124ACF68B00394310 /* Frameworks */,
				BE32625224ACF68B00394310 /* Resources */,
			);
			buildRules = (
			);
			dependencies = (
			);
			name = "Sample Project";
			packageProductDependencies = (
				BE32626C24ACF7D400394310 /* NEnvironment */,
			);
			productName = "Sample Project";
			productReference = BE32625424ACF68B00394310 /* Sample Project.app */;
			productType = "com.apple.product-type.application";
		};
/* End PBXNativeTarget section */

/* Begin PBXProject section */
		BE32624C24ACF68B00394310 /* Project object */ = {
			isa = PBXProject;
			attributes = {
				LastSwiftUpdateCheck = 1150;
				LastUpgradeCheck = 1150;
				ORGANIZATIONNAME = "Victor Melo";
				TargetAttributes = {
					BE32625324ACF68B00394310 = {
						CreatedOnToolsVersion = 11.5;
					};
				};
			};
			buildConfigurationList = BE32624F24ACF68B00394310 /* Build configuration list for PBXProject "Sample Project" */;
			compatibilityVersion = "Xcode 9.3";
			developmentRegion = en;
			hasScannedForEncodings = 0;
			knownRegions = (
				en,
				Base,
			);
			mainGroup = BE32624B24ACF68B00394310;
			packageReferences = (
				BE32626B24ACF7D400394310 /* XCRemoteSwiftPackageReference "NEnvironment" */,
			);
			productRefGroup = BE32625524ACF68B00394310 /* Products */;
			projectDirPath = "";
			projectRoot = "";
			targets = (
				BE32625324ACF68B00394310 /* Sample Project */,
			);
		};
/* End PBXProject section */

/* Begin PBXResourcesBuildPhase section */
		BE32625224ACF68B00394310 /* Resources */ = {
			isa = PBXResourcesBuildPhase;
			buildActionMask = 2147483647;
			files = (
				BE32626424ACF68D00394310 /* LaunchScreen.storyboard in Resources */,
				BE32626124ACF68D00394310 /* Assets.xcassets in Resources */,
				BE32625F24ACF68B00394310 /* Main.storyboard in Resources */,
			);
			runOnlyForDeploymentPostprocessing = 0;
		};
/* End PBXResourcesBuildPhase section */

/* Begin PBXSourcesBuildPhase section */
		BE32625024ACF68B00394310 /* Sources */ = {
			isa = PBXSourcesBuildPhase;
			buildActionMask = 2147483647;
			files = (
				BE32629B24AD03D500394310 /* Person.swift in Sources */,
				BE32629824AD03B000394310 /* EditViewController.swift in Sources */,
				BE32625C24ACF68B00394310 /* ViewController.swift in Sources */,
				BE32625824ACF68B00394310 /* AppDelegate.swift in Sources */,
				BE32625A24ACF68B00394310 /* SceneDelegate.swift in Sources */,
			);
			runOnlyForDeploymentPostprocessing = 0;
		};
/* End PBXSourcesBuildPhase section */

/* Begin PBXVariantGroup section */
		BE32625D24ACF68B00394310 /* Main.storyboard */ = {
			isa = PBXVariantGroup;
			children = (
				BE32625E24ACF68B00394310 /* Base */,
			);
			name = Main.storyboard;
			sourceTree = "<group>";
		};
		BE32626224ACF68D00394310 /* LaunchScreen.storyboard */ = {
			isa = PBXVariantGroup;
			children = (
				BE32626324ACF68D00394310 /* Base */,
			);
			name = LaunchScreen.storyboard;
			sourceTree = "<group>";
		};
/* End PBXVariantGroup section */

/* Begin XCBuildConfiguration section */
		BE32626624ACF68D00394310 /* Debug */ = {
			isa = XCBuildConfiguration;
			buildSettings = {
				ALWAYS_SEARCH_USER_PATHS = NO;
				CLANG_ANALYZER_NONNULL = YES;
				CLANG_ANALYZER_NUMBER_OBJECT_CONVERSION = YES_AGGRESSIVE;
				CLANG_CXX_LANGUAGE_STANDARD = "gnu++14";
				CLANG_CXX_LIBRARY = "libc++";
				CLANG_ENABLE_MODULES = YES;
				CLANG_ENABLE_OBJC_ARC = YES;
				CLANG_ENABLE_OBJC_WEAK = YES;
				CLANG_WARN_BLOCK_CAPTURE_AUTORELEASING = YES;
				CLANG_WARN_BOOL_CONVERSION = YES;
				CLANG_WARN_COMMA = YES;
				CLANG_WARN_CONSTANT_CONVERSION = YES;
				CLANG_WARN_DEPRECATED_OBJC_IMPLEMENTATIONS = YES;
				CLANG_WARN_DIRECT_OBJC_ISA_USAGE = YES_ERROR;
				CLANG_WARN_DOCUMENTATION_COMMENTS = YES;
				CLANG_WARN_EMPTY_BODY = YES;
				CLANG_WARN_ENUM_CONVERSION = YES;
				CLANG_WARN_INFINITE_RECURSION = YES;
				CLANG_WARN_INT_CONVERSION = YES;
				CLANG_WARN_NON_LITERAL_NULL_CONVERSION = YES;
				CLANG_WARN_OBJC_IMPLICIT_RETAIN_SELF = YES;
				CLANG_WARN_OBJC_LITERAL_CONVERSION = YES;
				CLANG_WARN_OBJC_ROOT_CLASS = YES_ERROR;
				CLANG_WARN_RANGE_LOOP_ANALYSIS = YES;
				CLANG_WARN_STRICT_PROTOTYPES = YES;
				CLANG_WARN_SUSPICIOUS_MOVE = YES;
				CLANG_WARN_UNGUARDED_AVAILABILITY = YES_AGGRESSIVE;
				CLANG_WARN_UNREACHABLE_CODE = YES;
				CLANG_WARN__DUPLICATE_METHOD_MATCH = YES;
				COPY_PHASE_STRIP = NO;
				DEBUG_INFORMATION_FORMAT = dwarf;
				ENABLE_STRICT_OBJC_MSGSEND = YES;
				ENABLE_TESTABILITY = YES;
				GCC_C_LANGUAGE_STANDARD = gnu11;
				GCC_DYNAMIC_NO_PIC = NO;
				GCC_NO_COMMON_BLOCKS = YES;
				GCC_OPTIMIZATION_LEVEL = 0;
				GCC_PREPROCESSOR_DEFINITIONS = (
					"DEBUG=1",
					"$(inherited)",
				);
				GCC_WARN_64_TO_32_BIT_CONVERSION = YES;
				GCC_WARN_ABOUT_RETURN_TYPE = YES_ERROR;
				GCC_WARN_UNDECLARED_SELECTOR = YES;
				GCC_WARN_UNINITIALIZED_AUTOS = YES_AGGRESSIVE;
				GCC_WARN_UNUSED_FUNCTION = YES;
				GCC_WARN_UNUSED_VARIABLE = YES;
				IPHONEOS_DEPLOYMENT_TARGET = 13.5;
				MTL_ENABLE_DEBUG_INFO = INCLUDE_SOURCE;
				MTL_FAST_MATH = YES;
				ONLY_ACTIVE_ARCH = YES;
				SDKROOT = iphoneos;
				SWIFT_ACTIVE_COMPILATION_CONDITIONS = DEBUG;
				SWIFT_OPTIMIZATION_LEVEL = "-Onone";
			};
			name = Debug;
		};
		BE32626724ACF68D00394310 /* Release */ = {
			isa = XCBuildConfiguration;
			buildSettings = {
				ALWAYS_SEARCH_USER_PATHS = NO;
				CLANG_ANALYZER_NONNULL = YES;
				CLANG_ANALYZER_NUMBER_OBJECT_CONVERSION = YES_AGGRESSIVE;
				CLANG_CXX_LANGUAGE_STANDARD = "gnu++14";
				CLANG_CXX_LIBRARY = "libc++";
				CLANG_ENABLE_MODULES = YES;
				CLANG_ENABLE_OBJC_ARC = YES;
				CLANG_ENABLE_OBJC_WEAK = YES;
				CLANG_WARN_BLOCK_CAPTURE_AUTORELEASING = YES;
				CLANG_WARN_BOOL_CONVERSION = YES;
				CLANG_WARN_COMMA = YES;
				CLANG_WARN_CONSTANT_CONVERSION = YES;
				CLANG_WARN_DEPRECATED_OBJC_IMPLEMENTATIONS = YES;
				CLANG_WARN_DIRECT_OBJC_ISA_USAGE = YES_ERROR;
				CLANG_WARN_DOCUMENTATION_COMMENTS = YES;
				CLANG_WARN_EMPTY_BODY = YES;
				CLANG_WARN_ENUM_CONVERSION = YES;
				CLANG_WARN_INFINITE_RECURSION = YES;
				CLANG_WARN_INT_CONVERSION = YES;
				CLANG_WARN_NON_LITERAL_NULL_CONVERSION = YES;
				CLANG_WARN_OBJC_IMPLICIT_RETAIN_SELF = YES;
				CLANG_WARN_OBJC_LITERAL_CONVERSION = YES;
				CLANG_WARN_OBJC_ROOT_CLASS = YES_ERROR;
				CLANG_WARN_RANGE_LOOP_ANALYSIS = YES;
				CLANG_WARN_STRICT_PROTOTYPES = YES;
				CLANG_WARN_SUSPICIOUS_MOVE = YES;
				CLANG_WARN_UNGUARDED_AVAILABILITY = YES_AGGRESSIVE;
				CLANG_WARN_UNREACHABLE_CODE = YES;
				CLANG_WARN__DUPLICATE_METHOD_MATCH = YES;
				COPY_PHASE_STRIP = NO;
				DEBUG_INFORMATION_FORMAT = "dwarf-with-dsym";
				ENABLE_NS_ASSERTIONS = NO;
				ENABLE_STRICT_OBJC_MSGSEND = YES;
				GCC_C_LANGUAGE_STANDARD = gnu11;
				GCC_NO_COMMON_BLOCKS = YES;
				GCC_WARN_64_TO_32_BIT_CONVERSION = YES;
				GCC_WARN_ABOUT_RETURN_TYPE = YES_ERROR;
				GCC_WARN_UNDECLARED_SELECTOR = YES;
				GCC_WARN_UNINITIALIZED_AUTOS = YES_AGGRESSIVE;
				GCC_WARN_UNUSED_FUNCTION = YES;
				GCC_WARN_UNUSED_VARIABLE = YES;
				IPHONEOS_DEPLOYMENT_TARGET = 13.5;
				MTL_ENABLE_DEBUG_INFO = NO;
				MTL_FAST_MATH = YES;
				SDKROOT = iphoneos;
				SWIFT_COMPILATION_MODE = wholemodule;
				SWIFT_OPTIMIZATION_LEVEL = "-O";
				VALIDATE_PRODUCT = YES;
			};
			name = Release;
		};
		BE32626924ACF68D00394310 /* Debug */ = {
			isa = XCBuildConfiguration;
			buildSettings = {
				ASSETCATALOG_COMPILER_APPICON_NAME = AppIcon;
				CODE_SIGN_STYLE = Automatic;
				DEVELOPMENT_TEAM = Y93HUJS49V;
				INFOPLIST_FILE = "Sample Project/Info.plist";
				LD_RUNPATH_SEARCH_PATHS = (
					"$(inherited)",
					"@executable_path/Frameworks",
				);
				PRODUCT_BUNDLE_IDENTIFIER = "br.com.victormelo.Sample-Project";
				PRODUCT_NAME = "$(TARGET_NAME)";
				SWIFT_VERSION = 5.0;
				TARGETED_DEVICE_FAMILY = "1,2";
			};
			name = Debug;
		};
		BE32626A24ACF68D00394310 /* Release */ = {
			isa = XCBuildConfiguration;
			buildSettings = {
				ASSETCATALOG_COMPILER_APPICON_NAME = AppIcon;
				CODE_SIGN_STYLE = Automatic;
				DEVELOPMENT_TEAM = Y93HUJS49V;
				INFOPLIST_FILE = "Sample Project/Info.plist";
				LD_RUNPATH_SEARCH_PATHS = (
					"$(inherited)",
					"@executable_path/Frameworks",
				);
				PRODUCT_BUNDLE_IDENTIFIER = "br.com.victormelo.Sample-Project";
				PRODUCT_NAME = "$(TARGET_NAME)";
				SWIFT_VERSION = 5.0;
				TARGETED_DEVICE_FAMILY = "1,2";
			};
			name = Release;
		};
/* End XCBuildConfiguration section */

/* Begin XCConfigurationList section */
		BE32624F24ACF68B00394310 /* Build configuration list for PBXProject "Sample Project" */ = {
			isa = XCConfigurationList;
			buildConfigurations = (
				BE32626624ACF68D00394310 /* Debug */,
				BE32626724ACF68D00394310 /* Release */,
			);
			defaultConfigurationIsVisible = 0;
			defaultConfigurationName = Release;
		};
		BE32626824ACF68D00394310 /* Build configuration list for PBXNativeTarget "Sample Project" */ = {
			isa = XCConfigurationList;
			buildConfigurations = (
				BE32626924ACF68D00394310 /* Debug */,
				BE32626A24ACF68D00394310 /* Release */,
			);
			defaultConfigurationIsVisible = 0;
			defaultConfigurationName = Release;
		};
/* End XCConfigurationList section */

/* Begin XCRemoteSwiftPackageReference section */
		BE32626B24ACF7D400394310 /* XCRemoteSwiftPackageReference "NEnvironment" */ = {
			isa = XCRemoteSwiftPackageReference;
			repositoryURL = "https://github.com/vctrsmelo/NEnvironment";
			requirement = {
				branch = master;
				kind = branch;
			};
		};
/* End XCRemoteSwiftPackageReference section */

/* Begin XCSwiftPackageProductDependency section */
		BE32626C24ACF7D400394310 /* NEnvironment */ = {
			isa = XCSwiftPackageProductDependency;
			package = BE32626B24ACF7D400394310 /* XCRemoteSwiftPackageReference "NEnvironment" */;
			productName = NEnvironment;
		};
/* End XCSwiftPackageProductDependency section */
	};
	rootObject = BE32624C24ACF68B00394310 /* Project object */;
}
